{
  "name": "npm-proj-1705186817391-0.0215821744134792059fym8g",
  "lockfileVersion": 1,
  "requires": true,
  "dependencies": {
    "diff": {
      "version": "4.0.2",
      "resolved": "https://npm-registry.local.corp.stripe.com/diff/-/diff-4.0.2.tgz",
      "integrity": "sha512-58lmxKSA4BNyLz+HHMUzlOEpg09FV+ev6ZMe3vJihgdxzgcwZ8VoEEPmALCZG9LmqfVoNMMKpttIYTVG6uDY7A=="
    },
    "yaml-js": {
      "version": "0.3.1",
      "resolved": "https://registry.npmjs.org/yaml-js/-/yaml-js-0.3.1.tgz",
      "integrity": "sha512-LjoIFHCtSfkGzPsmYmfDsW+TShtQBcY7lwH1yLQ5brJHXRhjteUnVE2ThCbz1madq8JUZIAjFiavfnIFeTO8CQ=="
    }
  }
}
